{
    "_meta": {
        "hash": {
            "sha256": "b291b3cf4345ee0ad878762be3f9c951790435727e9e2f27d466af6bcf76ef7b"
        },
        "pipfile-spec": 6,
        "requires": {
            "python_version": "3.8"
        },
        "sources": [
            {
                "name": "pypi",
                "url": "https://pypi.org/simple",
                "verify_ssl": true
            }
        ]
    },
    "default": {
        "beautifulsoup4": {
            "hashes": [
                "sha256:4c98143716ef1cb40bf7f39a8e3eec8f8b009509e74904ba3a7b315431577e35",
                "sha256:84729e322ad1d5b4d25f805bfa05b902dd96450f43842c4e99067d5e1369eb25",
                "sha256:fff47e031e34ec82bf17e00da8f592fe7de69aeea38be00523c04623c04fb666"
            ],
            "index": "pypi",
            "version": "==4.9.3"
        },
        "certifi": {
            "hashes": [
                "sha256:1a4995114262bffbc2413b159f2a1a480c969de6e6eb13ee966d470af86af59c",
                "sha256:719a74fb9e33b9bd44cc7f3a8d94bc35e4049deebe19ba7d8e108280cfd59830"
            ],
            "version": "==2020.12.5"
        },
        "chardet": {
            "hashes": [
                "sha256:0d6f53a15db4120f2b08c94f11e7d93d2c911ee118b6b30a04ec3ee8310179fa",
                "sha256:f864054d66fd9118f2e67044ac8981a54775ec5b67aed0441892edb553d21da5"
            ],
            "markers": "python_version >= '2.7' and python_version not in '3.0, 3.1, 3.2, 3.3, 3.4'",
            "version": "==4.0.0"
        },
        "confluent-kafka": {
            "hashes": [
                "sha256:08c0642ee1630f04b1a4fc4263b32528839ffd2c9c3ca6d8ec77c5e352cfe1ef",
                "sha256:123710f81f522bd4d1684acae408a74ef6a95849eccd15415dea73f77ed2ef2c",
                "sha256:1b8ecf80405a9c530ff5acfd2000f7e281b9b00ed8c47235023e46c1fb74b78e",
                "sha256:2047b049e82dd2c7b9ec30534efbfa755445eced9132ab618440aeeb8d7e3161",
                "sha256:2e71d10f5fe2db90068a1a1a33b5d01bd4b1ec58b71cfcc2ecc1babdc5d35bb2",
                "sha256:345d48e553959e54ae5bebd53abfb8e7c08d6a6642df4c3585fa2f81199bf3b2",
                "sha256:360641ff18f8e3afc24f5f3ae18613f307e8f13ac839df6c089f682ada5740b9",
                "sha256:4e984535d7eb606fbda0614da3c77eaf98ca17f125dbf834b2b0849db6481139",
                "sha256:5b8d8373ed07ce92639865bce6f313d966619b90fdbddb5f6e222a4780945821",
                "sha256:6e434de7ae1815c7f431de3dea542092795476d4af919f648366510ca7ccdab4",
                "sha256:7e4d8d8713fed30874e4477a9bc9ed276a2acf2111597645e79e7042a5c7dbf1",
                "sha256:8a9caabdb02e87cd65c7f10f689ba3f1a15f8774de455e96fa5fc56eecfee63c",
                "sha256:970c0867904882bc895331d3410c5a238385f6d58476a32323ff2a6c2aa1f5f2",
                "sha256:a0e4bed19d3917911da3f6f8830c47778d08918cebb313fafb858f88c91c91e8",
                "sha256:ae7a1059737f9289ca3592b134c3da9c3ebef88410a1d5ac9d8c4d2b2bad6f0b",
                "sha256:ca5353f4dfe79390542e0d5e2807eeb74898d08e527c530d341c9a7531c37788",
                "sha256:de6fc17ea557c2f8949796a239cc2ebb3580488a84fbd315429082fb19f0c960",
                "sha256:f32314d399cb5c920b7f9365e1b7d119319a31257e32b6ee81cb9a81d124b9d7"
            ],
            "index": "pypi",
            "version": "==1.6.0"
        },
        "greenlet": {
            "hashes": [
                "sha256:0a77691f0080c9da8dfc81e23f4e3cffa5accf0f5b56478951016d7cfead9196",
                "sha256:0ddd77586553e3daf439aa88b6642c5f252f7ef79a39271c25b1d4bf1b7cbb85",
                "sha256:111cfd92d78f2af0bc7317452bd93a477128af6327332ebf3c2be7df99566683",
                "sha256:122c63ba795fdba4fc19c744df6277d9cfd913ed53d1a286f12189a0265316dd",
                "sha256:181300f826625b7fd1182205b830642926f52bd8cdb08b34574c9d5b2b1813f7",
                "sha256:1a1ada42a1fd2607d232ae11a7b3195735edaa49ea787a6d9e6a53afaf6f3476",
                "sha256:1bb80c71de788b36cefb0c3bb6bfab306ba75073dbde2829c858dc3ad70f867c",
                "sha256:1d1d4473ecb1c1d31ce8fd8d91e4da1b1f64d425c1dc965edc4ed2a63cfa67b2",
                "sha256:292e801fcb3a0b3a12d8c603c7cf340659ea27fd73c98683e75800d9fd8f704c",
                "sha256:2c65320774a8cd5fdb6e117c13afa91c4707548282464a18cf80243cf976b3e6",
                "sha256:4365eccd68e72564c776418c53ce3c5af402bc526fe0653722bc89efd85bf12d",
                "sha256:5352c15c1d91d22902582e891f27728d8dac3bd5e0ee565b6a9f575355e6d92f",
                "sha256:58ca0f078d1c135ecf1879d50711f925ee238fe773dfe44e206d7d126f5bc664",
                "sha256:5d4030b04061fdf4cbc446008e238e44936d77a04b2b32f804688ad64197953c",
                "sha256:5d69bbd9547d3bc49f8a545db7a0bd69f407badd2ff0f6e1a163680b5841d2b0",
                "sha256:5f297cb343114b33a13755032ecf7109b07b9a0020e841d1c3cedff6602cc139",
                "sha256:62afad6e5fd70f34d773ffcbb7c22657e1d46d7fd7c95a43361de979f0a45aef",
                "sha256:647ba1df86d025f5a34043451d7c4a9f05f240bee06277a524daad11f997d1e7",
                "sha256:719e169c79255816cdcf6dccd9ed2d089a72a9f6c42273aae12d55e8d35bdcf8",
                "sha256:7cd5a237f241f2764324396e06298b5dee0df580cf06ef4ada0ff9bff851286c",
                "sha256:875d4c60a6299f55df1c3bb870ebe6dcb7db28c165ab9ea6cdc5d5af36bb33ce",
                "sha256:90b6a25841488cf2cb1c8623a53e6879573010a669455046df5f029d93db51b7",
                "sha256:94620ed996a7632723a424bccb84b07e7b861ab7bb06a5aeb041c111dd723d36",
                "sha256:b5f1b333015d53d4b381745f5de842f19fe59728b65f0fbb662dafbe2018c3a5",
                "sha256:c5b22b31c947ad8b6964d4ed66776bcae986f73669ba50620162ba7c832a6b6a",
                "sha256:c93d1a71c3fe222308939b2e516c07f35a849c5047f0197442a4d6fbcb4128ee",
                "sha256:cdb90267650c1edb54459cdb51dab865f6c6594c3a47ebd441bc493360c7af70",
                "sha256:cfd06e0f0cc8db2a854137bd79154b61ecd940dce96fad0cba23fe31de0b793c",
                "sha256:d3789c1c394944084b5e57c192889985a9f23bd985f6d15728c745d380318128",
                "sha256:da7d09ad0f24270b20f77d56934e196e982af0d0a2446120cb772be4e060e1a2",
                "sha256:df3e83323268594fa9755480a442cabfe8d82b21aba815a71acf1bb6c1776218",
                "sha256:df8053867c831b2643b2c489fe1d62049a98566b1646b194cc815f13e27b90df",
                "sha256:e1128e022d8dce375362e063754e129750323b67454cac5600008aad9f54139e",
                "sha256:e6e9fdaf6c90d02b95e6b0709aeb1aba5affbbb9ccaea5502f8638e4323206be",
                "sha256:eac8803c9ad1817ce3d8d15d1bb82c2da3feda6bee1153eec5c58fa6e5d3f770",
                "sha256:eb333b90036358a0e2c57373f72e7648d7207b76ef0bd00a4f7daad1f79f5203",
                "sha256:ed1d1351f05e795a527abc04a0d82e9aecd3bdf9f46662c36ff47b0b00ecaf06",
                "sha256:f3dc68272990849132d6698f7dc6df2ab62a88b0d36e54702a8fd16c0490e44f",
                "sha256:f59eded163d9752fd49978e0bab7a1ff21b1b8d25c05f0995d140cc08ac83379",
                "sha256:f5e2d36c86c7b03c94b8459c3bd2c9fe2c7dab4b258b8885617d44a22e453fb7",
                "sha256:f6f65bf54215e4ebf6b01e4bb94c49180a589573df643735107056f7a910275b",
                "sha256:f8450d5ef759dbe59f84f2c9f77491bb3d3c44bc1a573746daf086e70b14c243",
                "sha256:f97d83049715fd9dec7911860ecf0e17b48d8725de01e45de07d8ac0bd5bc378"
            ],
            "markers": "python_version >= '3'",
            "version": "==1.0.0"
        },
        "idna": {
            "hashes": [
                "sha256:b307872f855b18632ce0c21c5e45be78c0ea7ae4c15c828c20788b26921eb3f6",
                "sha256:b97d804b1e9b523befed77c48dacec60e6dcb0b5391d57af6a65a312a90648c0"
            ],
            "markers": "python_version >= '2.7' and python_version not in '3.0, 3.1, 3.2, 3.3'",
            "version": "==2.10"
        },
        "lxml": {
            "hashes": [
                "sha256:0448576c148c129594d890265b1a83b9cd76fd1f0a6a04620753d9a6bcfd0a4d",
                "sha256:127f76864468d6630e1b453d3ffbbd04b024c674f55cf0a30dc2595137892d37",
                "sha256:1471cee35eba321827d7d53d104e7b8c593ea3ad376aa2df89533ce8e1b24a01",
                "sha256:2363c35637d2d9d6f26f60a208819e7eafc4305ce39dc1d5005eccc4593331c2",
                "sha256:2e5cc908fe43fe1aa299e58046ad66981131a66aea3129aac7770c37f590a644",
                "sha256:2e6fd1b8acd005bd71e6c94f30c055594bbd0aa02ef51a22bbfa961ab63b2d75",
                "sha256:366cb750140f221523fa062d641393092813b81e15d0e25d9f7c6025f910ee80",
                "sha256:42ebca24ba2a21065fb546f3e6bd0c58c3fe9ac298f3a320147029a4850f51a2",
                "sha256:4e751e77006da34643ab782e4a5cc21ea7b755551db202bc4d3a423b307db780",
                "sha256:4fb85c447e288df535b17ebdebf0ec1cf3a3f1a8eba7e79169f4f37af43c6b98",
                "sha256:50c348995b47b5a4e330362cf39fc503b4a43b14a91c34c83b955e1805c8e308",
                "sha256:535332fe9d00c3cd455bd3dd7d4bacab86e2d564bdf7606079160fa6251caacf",
                "sha256:535f067002b0fd1a4e5296a8f1bf88193080ff992a195e66964ef2a6cfec5388",
                "sha256:5be4a2e212bb6aa045e37f7d48e3e1e4b6fd259882ed5a00786f82e8c37ce77d",
                "sha256:60a20bfc3bd234d54d49c388950195d23a5583d4108e1a1d47c9eef8d8c042b3",
                "sha256:648914abafe67f11be7d93c1a546068f8eff3c5fa938e1f94509e4a5d682b2d8",
                "sha256:681d75e1a38a69f1e64ab82fe4b1ed3fd758717bed735fb9aeaa124143f051af",
                "sha256:68a5d77e440df94011214b7db907ec8f19e439507a70c958f750c18d88f995d2",
                "sha256:69a63f83e88138ab7642d8f61418cf3180a4d8cd13995df87725cb8b893e950e",
                "sha256:6e4183800f16f3679076dfa8abf2db3083919d7e30764a069fb66b2b9eff9939",
                "sha256:6fd8d5903c2e53f49e99359b063df27fdf7acb89a52b6a12494208bf61345a03",
                "sha256:791394449e98243839fa822a637177dd42a95f4883ad3dec2a0ce6ac99fb0a9d",
                "sha256:7a7669ff50f41225ca5d6ee0a1ec8413f3a0d8aa2b109f86d540887b7ec0d72a",
                "sha256:7e9eac1e526386df7c70ef253b792a0a12dd86d833b1d329e038c7a235dfceb5",
                "sha256:7ee8af0b9f7de635c61cdd5b8534b76c52cd03536f29f51151b377f76e214a1a",
                "sha256:8246f30ca34dc712ab07e51dc34fea883c00b7ccb0e614651e49da2c49a30711",
                "sha256:8c88b599e226994ad4db29d93bc149aa1aff3dc3a4355dd5757569ba78632bdf",
                "sha256:923963e989ffbceaa210ac37afc9b906acebe945d2723e9679b643513837b089",
                "sha256:94d55bd03d8671686e3f012577d9caa5421a07286dd351dfef64791cf7c6c505",
                "sha256:97db258793d193c7b62d4e2586c6ed98d51086e93f9a3af2b2034af01450a74b",
                "sha256:a9d6bc8642e2c67db33f1247a77c53476f3a166e09067c0474facb045756087f",
                "sha256:cd11c7e8d21af997ee8079037fff88f16fda188a9776eb4b81c7e4c9c0a7d7fc",
                "sha256:d8d3d4713f0c28bdc6c806a278d998546e8efc3498949e3ace6e117462ac0a5e",
                "sha256:e0bfe9bb028974a481410432dbe1b182e8191d5d40382e5b8ff39cdd2e5c5931",
                "sha256:f4822c0660c3754f1a41a655e37cb4dbbc9be3d35b125a37fab6f82d47674ebc",
                "sha256:f83d281bb2a6217cd806f4cf0ddded436790e66f393e124dfe9731f6b3fb9afe",
                "sha256:fc37870d6716b137e80d19241d0e2cff7a7643b925dfa49b4c8ebd1295eb506e"
            ],
            "index": "pypi",
            "version": "==4.6.2"
        },
        "numpy": {
            "hashes": [
                "sha256:032be656d89bbf786d743fee11d01ef318b0781281241997558fa7950028dd29",
                "sha256:104f5e90b143dbf298361a99ac1af4cf59131218a045ebf4ee5990b83cff5fab",
                "sha256:125a0e10ddd99a874fd357bfa1b636cd58deb78ba4a30b5ddb09f645c3512e04",
                "sha256:12e4ba5c6420917571f1a5becc9338abbde71dd811ce40b37ba62dec7b39af6d",
                "sha256:13adf545732bb23a796914fe5f891a12bd74cf3d2986eed7b7eba2941eea1590",
                "sha256:2d7e27442599104ee08f4faed56bb87c55f8b10a5494ac2ead5c98a4b289e61f",
                "sha256:3bc63486a870294683980d76ec1e3efc786295ae00128f9ea38e2c6e74d5a60a",
                "sha256:3d3087e24e354c18fb35c454026af3ed8997cfd4997765266897c68d724e4845",
                "sha256:4ed8e96dc146e12c1c5cdd6fb9fd0757f2ba66048bf94c5126b7efebd12d0090",
                "sha256:60759ab15c94dd0e1ed88241fd4fa3312db4e91d2c8f5a2d4cf3863fad83d65b",
                "sha256:65410c7f4398a0047eea5cca9b74009ea61178efd78d1be9847fac1d6716ec1e",
                "sha256:66b467adfcf628f66ea4ac6430ded0614f5cc06ba530d09571ea404789064adc",
                "sha256:7199109fa46277be503393be9250b983f325880766f847885607d9b13848f257",
                "sha256:72251e43ac426ff98ea802a931922c79b8d7596480300eb9f1b1e45e0543571e",
                "sha256:89e5336f2bec0c726ac7e7cdae181b325a9c0ee24e604704ed830d241c5e47ff",
                "sha256:89f937b13b8dd17b0099c7c2e22066883c86ca1575a975f754babc8fbf8d69a9",
                "sha256:9c94cab5054bad82a70b2e77741271790304651d584e2cdfe2041488e753863b",
                "sha256:9eb551d122fadca7774b97db8a112b77231dcccda8e91a5bc99e79890797175e",
                "sha256:a1d7995d1023335e67fb070b2fae6f5968f5be3802b15ad6d79d81ecaa014fe0",
                "sha256:ae61f02b84a0211abb56462a3b6cd1e7ec39d466d3160eb4e1da8bf6717cdbeb",
                "sha256:b9410c0b6fed4a22554f072a86c361e417f0258838957b78bd063bde2c7f841f",
                "sha256:c26287dfc888cf1e65181f39ea75e11f42ffc4f4529e5bd19add57ad458996e2",
                "sha256:c91ec9569facd4757ade0888371eced2ecf49e7982ce5634cc2cf4e7331a4b14",
                "sha256:ecb5b74c702358cdc21268ff4c37f7466357871f53a30e6f84c686952bef16a9"
            ],
            "markers": "python_version >= '3.7'",
            "version": "==1.20.1"
        },
        "pandas": {
            "hashes": [
                "sha256:05ca6bda50123158eb15e716789083ca4c3b874fd47688df1716daa72644ee1c",
                "sha256:08b6bbe74ae2b3e4741a744d2bce35ce0868a6b4189d8b84be26bb334f73da4c",
                "sha256:14ed84b463e9b84c8ff9308a79b04bf591ae3122a376ee0f62c68a1bd917a773",
                "sha256:214ae60b1f863844e97c87f758c29940ffad96c666257323a4bb2a33c58719c2",
                "sha256:230de25bd9791748b2638c726a5f37d77a96a83854710110fadd068d1e2c2c9f",
                "sha256:26b4919eb3039a686a86cd4f4a74224f8f66e3a419767da26909dcdd3b37c31e",
                "sha256:4d33537a375cfb2db4d388f9a929b6582a364137ea6c6b161b0166440d6ffe36",
                "sha256:69a70d79a791fa1fd5f6e84b8b6dec2ec92369bde4ab2e18d43fc8a1825f51d1",
                "sha256:8ac028cd9a6e1efe43f3dc36f708263838283535cc45430a98b9803f44f4c84b",
                "sha256:a50cf3110a1914442e7b7b9cef394ef6bed0d801b8a34d56f4c4e927bbbcc7d0",
                "sha256:c43d1beb098a1da15934262009a7120aac8dafa20d042b31dab48c28868eb5a4",
                "sha256:c76a108272a4de63189b8f64086bbaf8348841d7e610b52f50959fbbf401524f",
                "sha256:cbad4155028b8ca66aa19a8b13f593ebbf51bfb6c3f2685fe64f04d695a81864",
                "sha256:e3c250faaf9979d0ec836d25e420428db37783fa5fed218da49c9fc06f80f51c",
                "sha256:e61a089151f1ed78682aa77a3bcae0495cf8e585546c26924857d7e8a9960568",
                "sha256:e9bbcc7b5c432600797981706f5b54611990c6a86b2e424329c995eea5f9c42b",
                "sha256:fbddbb20f30308ba2546193d64e18c23b69f59d48cdef73676cbed803495c8dc",
                "sha256:fc351cd2df318674669481eb978a7799f24fd14ef26987a1aa75105b0531d1a1"
            ],
            "index": "pypi",
            "version": "==1.2.2"
        },
        "psycopg2": {
            "hashes": [
                "sha256:00195b5f6832dbf2876b8bf77f12bdce648224c89c880719c745b90515233301",
                "sha256:068115e13c70dc5982dfc00c5d70437fe37c014c808acce119b5448361c03725",
                "sha256:26e7fd115a6db75267b325de0fba089b911a4a12ebd3d0b5e7acb7028bc46821",
                "sha256:2c93d4d16933fea5bbacbe1aaf8fa8c1348740b2e50b3735d1b0bf8154cbf0f3",
                "sha256:56007a226b8e95aa980ada7abdea6b40b75ce62a433bd27cec7a8178d57f4051",
                "sha256:56fee7f818d032f802b8eed81ef0c1232b8b42390df189cab9cfa87573fe52c5",
                "sha256:6a3d9efb6f36f1fe6aa8dbb5af55e067db802502c55a9defa47c5a1dad41df84",
                "sha256:a49833abfdede8985ba3f3ec641f771cca215479f41523e99dace96d5b8cce2a",
                "sha256:ad2fe8a37be669082e61fb001c185ffb58867fdbb3e7a6b0b0d2ffe232353a3e",
                "sha256:b8cae8b2f022efa1f011cc753adb9cbadfa5a184431d09b273fb49b4167561ad",
                "sha256:d160744652e81c80627a909a0e808f3c6653a40af435744de037e3172cf277f5",
                "sha256:d5062ae50b222da28253059880a871dc87e099c25cb68acf613d9d227413d6f7",
                "sha256:f22ea9b67aea4f4a1718300908a2fb62b3e4276cf00bd829a97ab5894af42ea3",
                "sha256:f974c96fca34ae9e4f49839ba6b78addf0346777b46c4da27a7bf54f48d3057d",
                "sha256:fb23f6c71107c37fd667cb4ea363ddeb936b348bbd6449278eb92c189699f543"
            ],
            "index": "pypi",
            "version": "==2.8.6"
        },
        "pydantic": {
            "hashes": [
                "sha256:0b71ca069c16470cb00be0acaf0657eb74cbc4ff5f11b42e79647f170956cda3",
                "sha256:12ed0b175bba65e29dfc5859cd539d3512f58bb776bf620a3d3338501fd0f389",
                "sha256:22fe5756c6c57279234e4c4027a3549507aca29e9ee832d6aa39c367cb43c99f",
                "sha256:26821f61623b01d618bd8b3243f790ac8bd7ae31b388c0e41aa586002cf350eb",
                "sha256:2bc9e9f5d91a29dec53346efc5c719d82297885d89c8a62b971492fba222c68d",
                "sha256:42b8fb1e4e4783c4aa31df44b64714f96aa4deeacbacf3713a8a238ee7df3b2b",
                "sha256:4a83d24bcf9ce8e6fa55c379bba1359461eedb85721bfb3151e240871e2b13a8",
                "sha256:5759a4b276bda5ac2360f00e9b1e711aaac51fabd155b422d27f3339710f4264",
                "sha256:77e04800d19acc2a8fbb95fe3d47ff397ce137aa5a2b32cc23a87bac70dda343",
                "sha256:865410a6df71fb60294887770d19c67d499689f7ce64245182653952cdbd4183",
                "sha256:91baec8ed771d4c53d71ef549d8e36b0f92a31c32296062d562d1d7074dd1d6e",
                "sha256:999cc108933425752e45d1bf2f57d3cf091f2a5e8b9b8afab5b8872d2cc7645f",
                "sha256:a0ff36e3f929d76b91d1624c6673dbdc1407358700d117bb7f29d5696c52d288",
                "sha256:a989924324513215ad2b2cfd187426e6372f76f507b17361142c0b792294960c",
                "sha256:ad2fae68e185cfae5b6d83e7915352ff0b6e5fa84d84bc6a94c3e2de58327114",
                "sha256:b4e03c84f4e96e3880c9d34508cccbd0f0df6e7dc14b17f960ea8c71448823a3",
                "sha256:c26d380af3e9a8eb9abe3b6337cea28f057b5425330817c918cf74d0a0a2303d",
                "sha256:c8a3600435b83a4f28f5379f3bb574576521180f691828268268e9f172f1b1eb",
                "sha256:ccc2ab0a240d01847f3d5f0f9e1582d450a2fc3389db33a7af8e7447b205a935",
                "sha256:d361d181a3fb53ebfdc2fb1e3ca55a6b2ad717578a5e119c99641afd11b31a47",
                "sha256:d5aeab86837f8799df0d84bec1190e6cc0062d5c5374636b5599234f2b39fe0a",
                "sha256:edf37d30ea60179ef067add9772cf42299ea6cd490b3c94335a68f1021944ac4"
            ],
            "index": "pypi",
            "version": "==1.8"
        },
        "python-dateutil": {
            "hashes": [
                "sha256:73ebfe9dbf22e832286dafa60473e4cd239f8592f699aa5adaf10050e6e1823c",
                "sha256:75bb3f31ea686f1197762692a9ee6a7550b59fc6ca3a1f4b5d7e32fb98e2da2a"
            ],
            "markers": "python_version >= '2.7' and python_version not in '3.0, 3.1, 3.2, 3.3'",
            "version": "==2.8.1"
        },
        "pytz": {
            "hashes": [
                "sha256:83a4a90894bf38e243cf052c8b58f381bfe9a7a483f6a9cab140bc7f702ac4da",
                "sha256:eb10ce3e7736052ed3623d49975ce333bcd712c7bb19a58b9e2089d4057d0798"
            ],
            "version": "==2021.1"
        },
        "requests": {
            "hashes": [
                "sha256:27973dd4a904a4f13b263a19c866c13b92a39ed1c964655f025f3f8d3d75b804",
                "sha256:c210084e36a42ae6b9219e00e48287def368a26d03a048ddad7bfee44f75871e"
            ],
            "index": "pypi",
            "version": "==2.25.1"
        },
        "six": {
            "hashes": [
                "sha256:30639c035cdb23534cd4aa2dd52c3bf48f06e5f4a941509c8bafd8ce11080259",
                "sha256:8b74bedcbbbaca38ff6d7491d76f2b06b3592611af620f8426e82dddb04a5ced"
            ],
            "markers": "python_version >= '2.7' and python_version not in '3.0, 3.1, 3.2, 3.3'",
            "version": "==1.15.0"
        },
        "soupsieve": {
            "hashes": [
                "sha256:407fa1e8eb3458d1b5614df51d9651a1180ea5fedf07feb46e45d7e25e6d6cdd",
                "sha256:d3a5ea5b350423f47d07639f74475afedad48cf41c0ad7a82ca13a3928af34f6"
            ],
            "markers": "python_version >= '3'",
            "version": "==2.2"
        },
        "sqlalchemy": {
            "hashes": [
                "sha256:1013405393c2842f443adde2a2639681e9cdf4e850e01ab7d4d13a6f298d4dcd",
                "sha256:125e1175f210a27f64275bc74e4425fe3aff73ca27f2f6d64cda1414db019a84",
                "sha256:1af14b0d5e93ee7b7c0aa3106ea7ccfddea2b064da7bedccd4dcbb585151646c",
                "sha256:2b07464a4861f4d9acc793734c5b89741811802128d6f0ae0389ef3ac42cc9cc",
                "sha256:2f93cd57587303f6cc1cb3107b09dfb4403b775e4602e71bb13e581921448758",
                "sha256:463dec09c87fc45afef503b795460e42f4203b67925988b03bf254a0fe41d2f0",
                "sha256:484741ea9b19e71767b077050268140bd69ae67ca566ea1a2bc682d5289ff1fe",
                "sha256:4a5d76a227ebe2e5f7022e3801d8b854c4c6c9f4df50edae1b5bd4500e3d0853",
                "sha256:63385fc36a40314a24e84ab77efbe7d90446b20e5fb67fd2bc970b4359e8e6ee",
                "sha256:65d8e93515844b7f195ce77f6f7e67a55cc6a9bae9d651b678c3f4d8db35d327",
                "sha256:69b400ba262ca3dc0ae4f7cb38fdf0bc8b356b29fc473828785b8402986ac871",
                "sha256:6f588a5cec6f28aa682f97bcf73e9a1f36aeb27bf3822ad9ca858bdd1508b8fd",
                "sha256:7a85a22f33820ac280a844f3596d3b0d1ac893592a93be7c35306671aceb7e5e",
                "sha256:7abe69b26464270133d3b1c6aeac8278396e964af4566e05992eed6e751e7bad",
                "sha256:7e073d20d196fbda56c7a11874e86812e136b32a39f64a3e4d5f6d24a420de10",
                "sha256:817a895499f3124574b920beb8f507f4c183d459363e84b11275b4f34c60f0ec",
                "sha256:822838774ec3b2f5016d4be281280dc5fcc53931c0db5bb3b10b75204cd2c619",
                "sha256:9119a795d84e0c3bdc0b9c9a346ce505551d841f31101dd94e18bc799c13c66b",
                "sha256:94e8904dc3a06f04aa4355198d34beb3cea47639893dd2d21b97c0619e8d3c0b",
                "sha256:9c7451999fa0867812176a1bd7d397d8d300818abd8124cd818273fca7e5b7c6",
                "sha256:9f102a1ca806d4e6c2fc0c5f3a118d0efb1c77fbea27c15169b1569c59cba48b",
                "sha256:ab51fa00fc48c6d025f85a82f4ed51716a628907214c567c94705c8ec0571820",
                "sha256:b5d817743f19b166a9c73f0e93fd1ae678b883d4488547a578d28af5baa21e36",
                "sha256:b9e81408af71f48eb2f1530d173e106648c029699ed211da939ea8892eef19f8",
                "sha256:bacb47e6fad3e74c3edf46a35a58a83415e8f7eadcff1251b546ba01dfe2d6cb",
                "sha256:bc6a0ab03e7f349e791cc7efea87c5c1f7d99d5da86bbed271d83b01ecfa9441",
                "sha256:c3bed1c69573e2b670bd75c306d6fc4271408b04bcbe68fc3aca0e978702a609",
                "sha256:d67226b1864cfe1dabfb1539826f58e2390984153d911a345900e20475052aa8",
                "sha256:e8816a74f7116a2f85216b6f172f342bf4fa3f57dd2c1b74b14a0a319597ef3d",
                "sha256:f3b27c837b51abd1ea4e501780cb22a880435c77075e42337a2287a20818e30d",
                "sha256:ff36fb8be181cd5cc3aadfc13365d6497302abc22ebbedc97b150d53b33b5a1b",
                "sha256:ff75b31b735c17e9cccc8e0e5207bcfe9100bd335934560dfea86026bc38e81d"
            ],
            "index": "pypi",
            "version": "==1.4.0b2"
        },
        "sqlalchemy-repr": {
            "hashes": [
                "sha256:060272575376e8a906e964cf10de5b40fd3f814db9c61e1269cb5cc15befffb2",
                "sha256:6faa78edd7673effa1656ea0f697d3f1262e40951a8f374cd320758c2e52c32c"
            ],
            "index": "pypi",
            "version": "==0.0.2"
        },
        "tqdm": {
            "hashes": [
                "sha256:2c44efa73b8914dba7807aefd09653ac63c22b5b4ea34f7a80973f418f1a3089",
                "sha256:c23ac707e8e8aabb825e4d91f8e17247f9cc14b0d64dd9e97be0781e9e525bba"
            ],
            "index": "pypi",
            "version": "==4.58.0"
        },
        "typing-extensions": {
            "hashes": [
                "sha256:7cb407020f00f7bfc3cb3e7881628838e69d8f3fcab2f64742a5e76b2f841918",
                "sha256:99d4073b617d30288f569d3f13d2bd7548c3a7e4c8de87db09a9d29bb3a4a60c",
                "sha256:dafc7639cde7f1b6e1acc0f457842a83e722ccca8eef5270af2d74792619a89f"
            ],
            "version": "==3.7.4.3"
        },
        "urllib3": {
            "hashes": [
                "sha256:1b465e494e3e0d8939b50680403e3aedaa2bc434b7d5af64dfd3c958d7f5ae80",
                "sha256:de3eedaad74a2683334e282005cd8d7f22f4d55fa690a2a1020a416cb0a47e73"
            ],
            "markers": "python_version >= '2.7' and python_version not in '3.0, 3.1, 3.2, 3.3, 3.4' and python_version < '4'",
            "version": "==1.26.3"
        }
    },
    "develop": {}
}
